
Microsoft Visual Studio Solution File, Format Version 12.00
# Visual Studio 15
VisualStudioVersion = 15.0.27703.2026
MinimumVisualStudioVersion = 10.0.40219.1
Project("{FAE04EC0-301F-11D3-BF4B-00C04F79EFBC}") = "ADO_NETProject01", "ADO_NETProject01\ADO_NETProject01.csproj", "{99418CF6-D500-47C4-AAD0-FEADA3001645}"
EndProject
Project("{FAE04EC0-301F-11D3-BF4B-00C04F79EFBC}") = "ViewProject", "ViewProject\ViewProject.csproj", "{6E1425C6-5F6A-4431-89B7-542CFA026E0B}"
EndProject
Project("{FAE04EC0-301F-11D3-BF4B-00C04F79EFBC}") = "ModelProject", "ModelProject\ModelProject.csproj", "{DCC1DE47-6233-40A0-9D0A-54B815A09B94}"
EndProject
Project("{FAE04EC0-301F-11D3-BF4B-00C04F79EFBC}") = "DALProject", "DALProject\DALProject.csproj", "{43E56DA8-74AC-404C-8BB7-EA93A17FCCC3}"
EndProject
Global
	GlobalSection(SolutionConfigurationPlatforms) = preSolution
		Debug|Any CPU = Debug|Any CPU
		Release|Any CPU = Release|Any CPU
	EndGlobalSection
	GlobalSection(ProjectConfigurationPlatforms) = postSolution
		{99418CF6-D500-47C4-AAD0-FEADA3001645}.Debug|Any CPU.ActiveCfg = Debug|Any CPU
		{99418CF6-D500-47C4-AAD0-FEADA3001645}.Debug|Any CPU.Build.0 = Debug|Any CPU
		{99418CF6-D500-47C4-AAD0-FEADA3001645}.Release|Any CPU.ActiveCfg = Release|Any CPU
		{99418CF6-D500-47C4-AAD0-FEADA3001645}.Release|Any CPU.Build.0 = Release|Any CPU
		{6E1425C6-5F6A-4431-89B7-542CFA026E0B}.Debug|Any CPU.ActiveCfg = Debug|Any CPU
		{6E1425C6-5F6A-4431-89B7-542CFA026E0B}.Debug|Any CPU.Build.0 = Debug|Any CPU
		{6E1425C6-5F6A-4431-89B7-542CFA026E0B}.Release|Any CPU.ActiveCfg = Release|Any CPU
		{6E1425C6-5F6A-4431-89B7-542CFA026E0B}.Release|Any CPU.Build.0 = Release|Any CPU
		{DCC1DE47-6233-40A0-9D0A-54B815A09B94}.Debug|Any CPU.ActiveCfg = Debug|Any CPU
		{DCC1DE47-6233-40A0-9D0A-54B815A09B94}.Debug|Any CPU.Build.0 = Debug|Any CPU
		{DCC1DE47-6233-40A0-9D0A-54B815A09B94}.Release|Any CPU.ActiveCfg = Release|Any CPU
		{DCC1DE47-6233-40A0-9D0A-54B815A09B94}.Release|Any CPU.Build.0 = Release|Any CPU
		{43E56DA8-74AC-404C-8BB7-EA93A17FCCC3}.Debug|Any CPU.ActiveCfg = Debug|Any CPU
		{43E56DA8-74AC-404C-8BB7-EA93A17FCCC3}.Debug|Any CPU.Build.0 = Debug|Any CPU
		{43E56DA8-74AC-404C-8BB7-EA93A17FCCC3}.Release|Any CPU.ActiveCfg = Release|Any CPU
		{43E56DA8-74AC-404C-8BB7-EA93A17FCCC3}.Release|Any CPU.Build.0 = Release|Any CPU
	EndGlobalSection
	GlobalSection(SolutionProperties) = preSolution
		HideSolutionNode = FALSE
	EndGlobalSection
	GlobalSection(ExtensibilityGlobals) = postSolution
		SolutionGuid = {45F0DB24-E1A3-40C7-81D0-FB773C6750BD}
	EndGlobalSection
EndGlobal
