
Microsoft Visual Studio Solution File, Format Version 12.00
# Visual Studio 15
VisualStudioVersion = 15.0.27703.2026
MinimumVisualStudioVersion = 10.0.40219.1
Project("{FAE04EC0-301F-11D3-BF4B-00C04F79EFBC}") = "ModelProject", "ModelProject\ModelProject.csproj", "{54952F1C-AAE8-4602-8111-A1DC5A9F3F00}"
EndProject
Project("{FAE04EC0-301F-11D3-BF4B-00C04F79EFBC}") = "ViewProject", "ViewProject\ViewProject.csproj", "{7E1BC18A-8B53-4DB5-81A0-4A25C943E3CA}"
EndProject
Project("{FAE04EC0-301F-11D3-BF4B-00C04F79EFBC}") = "PersistenceProject", "PersistenceProject\PersistenceProject.csproj", "{DF9C7557-D0F9-4216-9E38-9685D71C4597}"
EndProject
Project("{FAE04EC0-301F-11D3-BF4B-00C04F79EFBC}") = "ControllerProject", "ControllerProject\ControllerProject.csproj", "{6F8C39EC-C345-49FA-8800-484D51FF6710}"
EndProject
Global
	GlobalSection(SolutionConfigurationPlatforms) = preSolution
		Debug|Any CPU = Debug|Any CPU
		Release|Any CPU = Release|Any CPU
	EndGlobalSection
	GlobalSection(ProjectConfigurationPlatforms) = postSolution
		{54952F1C-AAE8-4602-8111-A1DC5A9F3F00}.Debug|Any CPU.ActiveCfg = Debug|Any CPU
		{54952F1C-AAE8-4602-8111-A1DC5A9F3F00}.Debug|Any CPU.Build.0 = Debug|Any CPU
		{54952F1C-AAE8-4602-8111-A1DC5A9F3F00}.Release|Any CPU.ActiveCfg = Release|Any CPU
		{54952F1C-AAE8-4602-8111-A1DC5A9F3F00}.Release|Any CPU.Build.0 = Release|Any CPU
		{7E1BC18A-8B53-4DB5-81A0-4A25C943E3CA}.Debug|Any CPU.ActiveCfg = Debug|Any CPU
		{7E1BC18A-8B53-4DB5-81A0-4A25C943E3CA}.Debug|Any CPU.Build.0 = Debug|Any CPU
		{7E1BC18A-8B53-4DB5-81A0-4A25C943E3CA}.Release|Any CPU.ActiveCfg = Release|Any CPU
		{7E1BC18A-8B53-4DB5-81A0-4A25C943E3CA}.Release|Any CPU.Build.0 = Release|Any CPU
		{DF9C7557-D0F9-4216-9E38-9685D71C4597}.Debug|Any CPU.ActiveCfg = Debug|Any CPU
		{DF9C7557-D0F9-4216-9E38-9685D71C4597}.Debug|Any CPU.Build.0 = Debug|Any CPU
		{DF9C7557-D0F9-4216-9E38-9685D71C4597}.Release|Any CPU.ActiveCfg = Release|Any CPU
		{DF9C7557-D0F9-4216-9E38-9685D71C4597}.Release|Any CPU.Build.0 = Release|Any CPU
		{6F8C39EC-C345-49FA-8800-484D51FF6710}.Debug|Any CPU.ActiveCfg = Debug|Any CPU
		{6F8C39EC-C345-49FA-8800-484D51FF6710}.Debug|Any CPU.Build.0 = Debug|Any CPU
		{6F8C39EC-C345-49FA-8800-484D51FF6710}.Release|Any CPU.ActiveCfg = Release|Any CPU
		{6F8C39EC-C345-49FA-8800-484D51FF6710}.Release|Any CPU.Build.0 = Release|Any CPU
	EndGlobalSection
	GlobalSection(SolutionProperties) = preSolution
		HideSolutionNode = FALSE
	EndGlobalSection
	GlobalSection(ExtensibilityGlobals) = postSolution
		SolutionGuid = {985210E9-D082-4A56-9B91-2ED880669946}
	EndGlobalSection
EndGlobal
